
Microsoft Visual Studio Solution File, Format Version 12.00
# Visual Studio Version 16
VisualStudioVersion = 16.0.31424.327
MinimumVisualStudioVersion = 10.0.40219.1
Project("{FAE04EC0-301F-11D3-BF4B-00C04F79EFBC}") = "IMS", "IMS.csproj", "{DC69194A-882F-4E10-9D99-240F0E7B2532}"
EndProject
Global
	GlobalSection(SolutionConfigurationPlatforms) = preSolution
		Debug|Any CPU = Debug|Any CPU
		Release|Any CPU = Release|Any CPU
	EndGlobalSection
	GlobalSection(ProjectConfigurationPlatforms) = postSolution
		{DC69194A-882F-4E10-9D99-240F0E7B2532}.Debug|Any CPU.ActiveCfg = Debug|Any CPU
		{DC69194A-882F-4E10-9D99-240F0E7B2532}.Debug|Any CPU.Build.0 = Debug|Any CPU
		{DC69194A-882F-4E10-9D99-240F0E7B2532}.Release|Any CPU.ActiveCfg = Release|Any CPU
		{DC69194A-882F-4E10-9D99-240F0E7B2532}.Release|Any CPU.Build.0 = Release|Any CPU
	EndGlobalSection
	GlobalSection(SolutionProperties) = preSolution
		HideSolutionNode = FALSE
	EndGlobalSection
	GlobalSection(ExtensibilityGlobals) = postSolution
		SolutionGuid = {BB4C9EFE-1B8C-4F98-A2A0-11882E5B4F00}
	EndGlobalSection
EndGlobal
